
Microsoft Visual Studio Solution File, Format Version 12.00
# Visual Studio 15
VisualStudioVersion = 15.0.27703.2026
MinimumVisualStudioVersion = 10.0.40219.1
Project("{9A19103F-16F7-4668-BE54-9A1E7A4F7556}") = "Argus.Server", "Argus.Server\Argus.Server.csproj", "{4B0B6293-FD73-4B49-833D-059DA278BAD4}"
EndProject
Project("{9A19103F-16F7-4668-BE54-9A1E7A4F7556}") = "Argus.Client", "Argus.Client\Argus.Client.csproj", "{8C29B33F-BDCF-4EE2-8803-CA00CA5D5715}"
EndProject
Project("{9A19103F-16F7-4668-BE54-9A1E7A4F7556}") = "Argus.Shared", "Argus.Shared\Argus.Shared.csproj", "{895BEA8F-CF54-4C8A-8459-65340505F627}"
EndProject
Project("{9A19103F-16F7-4668-BE54-9A1E7A4F7556}") = "PingSource", "PingSource\PingSource.csproj", "{C393B8E7-3AEF-4366-9CD9-142D4BF0DA3E}"
EndProject
Project("{9A19103F-16F7-4668-BE54-9A1E7A4F7556}") = "SignalRinterop", "SignalRinterop\SignalRinterop.csproj", "{5BDE10B7-4BA1-4B51-9C51-5C66419677B3}"
EndProject
Global
	GlobalSection(SolutionConfigurationPlatforms) = preSolution
		Debug|Any CPU = Debug|Any CPU
		Release|Any CPU = Release|Any CPU
	EndGlobalSection
	GlobalSection(ProjectConfigurationPlatforms) = postSolution
		{4B0B6293-FD73-4B49-833D-059DA278BAD4}.Debug|Any CPU.ActiveCfg = Debug|Any CPU
		{4B0B6293-FD73-4B49-833D-059DA278BAD4}.Debug|Any CPU.Build.0 = Debug|Any CPU
		{4B0B6293-FD73-4B49-833D-059DA278BAD4}.Release|Any CPU.ActiveCfg = Release|Any CPU
		{4B0B6293-FD73-4B49-833D-059DA278BAD4}.Release|Any CPU.Build.0 = Release|Any CPU
		{8C29B33F-BDCF-4EE2-8803-CA00CA5D5715}.Debug|Any CPU.ActiveCfg = Debug|Any CPU
		{8C29B33F-BDCF-4EE2-8803-CA00CA5D5715}.Debug|Any CPU.Build.0 = Debug|Any CPU
		{8C29B33F-BDCF-4EE2-8803-CA00CA5D5715}.Release|Any CPU.ActiveCfg = Release|Any CPU
		{8C29B33F-BDCF-4EE2-8803-CA00CA5D5715}.Release|Any CPU.Build.0 = Release|Any CPU
		{895BEA8F-CF54-4C8A-8459-65340505F627}.Debug|Any CPU.ActiveCfg = Debug|Any CPU
		{895BEA8F-CF54-4C8A-8459-65340505F627}.Debug|Any CPU.Build.0 = Debug|Any CPU
		{895BEA8F-CF54-4C8A-8459-65340505F627}.Release|Any CPU.ActiveCfg = Release|Any CPU
		{895BEA8F-CF54-4C8A-8459-65340505F627}.Release|Any CPU.Build.0 = Release|Any CPU
		{C393B8E7-3AEF-4366-9CD9-142D4BF0DA3E}.Debug|Any CPU.ActiveCfg = Debug|Any CPU
		{C393B8E7-3AEF-4366-9CD9-142D4BF0DA3E}.Debug|Any CPU.Build.0 = Debug|Any CPU
		{C393B8E7-3AEF-4366-9CD9-142D4BF0DA3E}.Release|Any CPU.ActiveCfg = Release|Any CPU
		{C393B8E7-3AEF-4366-9CD9-142D4BF0DA3E}.Release|Any CPU.Build.0 = Release|Any CPU
		{5BDE10B7-4BA1-4B51-9C51-5C66419677B3}.Debug|Any CPU.ActiveCfg = Debug|Any CPU
		{5BDE10B7-4BA1-4B51-9C51-5C66419677B3}.Debug|Any CPU.Build.0 = Debug|Any CPU
		{5BDE10B7-4BA1-4B51-9C51-5C66419677B3}.Release|Any CPU.ActiveCfg = Release|Any CPU
		{5BDE10B7-4BA1-4B51-9C51-5C66419677B3}.Release|Any CPU.Build.0 = Release|Any CPU
	EndGlobalSection
	GlobalSection(SolutionProperties) = preSolution
		HideSolutionNode = FALSE
	EndGlobalSection
	GlobalSection(ExtensibilityGlobals) = postSolution
		SolutionGuid = {402AFFD2-8520-469D-AC50-60128D8EFC36}
	EndGlobalSection
EndGlobal
